// !$*UTF8*$!
{
	archiveVersion = 1;
	classes = {
	};
	objectVersion = 48;
	objects = {

/* Begin PBXBuildFile section */
		36857012206886FE003F4EBD /* PrivateMelonTests.m in Sources */ = {isa = PBXBuildFile; fileRef = 36857011206886FE003F4EBD /* PrivateMelonTests.m */; };
		3685701D206886FE003F4EBD /* PrivateMelonUITests.m in Sources */ = {isa = PBXBuildFile; fileRef = 3685701C206886FE003F4EBD /* PrivateMelonUITests.m */; };
		368570CC2068DE5D003F4EBD /* LLMainTabBarController.m in Sources */ = {isa = PBXBuildFile; fileRef = 368570932068DE5C003F4EBD /* LLMainTabBarController.m */; };
		368570CD2068DE5D003F4EBD /* main.m in Sources */ = {isa = PBXBuildFile; fileRef = 368570942068DE5C003F4EBD /* main.m */; };
		368570CE2068DE5D003F4EBD /* AppDelegate.m in Sources */ = {isa = PBXBuildFile; fileRef = 368570952068DE5C003F4EBD /* AppDelegate.m */; };
		368570CF2068DE5D003F4EBD /* LLtest3ViewController.m in Sources */ = {isa = PBXBuildFile; fileRef = 368570972068DE5C003F4EBD /* LLtest3ViewController.m */; };
		368570D02068DE5D003F4EBD /* UCBannerRecommedModel.m in Sources */ = {isa = PBXBuildFile; fileRef = 368570982068DE5C003F4EBD /* UCBannerRecommedModel.m */; };
		368570D12068DE5D003F4EBD /* LLTestNetWork.m in Sources */ = {isa = PBXBuildFile; fileRef = 368570992068DE5D003F4EBD /* LLTestNetWork.m */; };
		368570D22068DE5D003F4EBD /* LLTest2ViewController.m in Sources */ = {isa = PBXBuildFile; fileRef = 3685709B2068DE5D003F4EBD /* LLTest2ViewController.m */; };
		368570D32068DE5D003F4EBD /* ViewController.m in Sources */ = {isa = PBXBuildFile; fileRef = 3685709C2068DE5D003F4EBD /* ViewController.m */; };
		368570D42068DE5D003F4EBD /* LLTest1ViewController.xib in Resources */ = {isa = PBXBuildFile; fileRef = 3685709D2068DE5D003F4EBD /* LLTest1ViewController.xib */; };
		368570D52068DE5D003F4EBD /* LLtest3ViewController.xib in Resources */ = {isa = PBXBuildFile; fileRef = 368570A02068DE5D003F4EBD /* LLtest3ViewController.xib */; };
		368570D62068DE5D003F4EBD /* LLTest1ViewController.m in Sources */ = {isa = PBXBuildFile; fileRef = 368570A12068DE5D003F4EBD /* LLTest1ViewController.m */; };
		368570D72068DE5D003F4EBD /* LLTest2ViewController.xib in Resources */ = {isa = PBXBuildFile; fileRef = 368570A32068DE5D003F4EBD /* LLTest2ViewController.xib */; };
		368570D82068DE5D003F4EBD /* HXBaseJSONModel.m in Sources */ = {isa = PBXBuildFile; fileRef = 368570A82068DE5D003F4EBD /* HXBaseJSONModel.m */; };
		368570D92068DE5D003F4EBD /* BaseNavigationController.m in Sources */ = {isa = PBXBuildFile; fileRef = 368570A92068DE5D003F4EBD /* BaseNavigationController.m */; };
		368570DA2068DE5D003F4EBD /* LLBaseViewController.m in Sources */ = {isa = PBXBuildFile; fileRef = 368570AA2068DE5D003F4EBD /* LLBaseViewController.m */; };
		368570DB2068DE5D003F4EBD /* Assets.xcassets in Resources */ = {isa = PBXBuildFile; fileRef = 368570AF2068DE5D003F4EBD /* Assets.xcassets */; };
		368570DC2068DE5D003F4EBD /* LaunchScreen.storyboard in Resources */ = {isa = PBXBuildFile; fileRef = 368570B02068DE5D003F4EBD /* LaunchScreen.storyboard */; };
		368570DD2068DE5D003F4EBD /* Main.storyboard in Resources */ = {isa = PBXBuildFile; fileRef = 368570B22068DE5D003F4EBD /* Main.storyboard */; };
		368570DE2068DE5D003F4EBD /* Info.plist in Resources */ = {isa = PBXBuildFile; fileRef = 368570B42068DE5D003F4EBD /* Info.plist */; };
		368570DF2068DE5D003F4EBD /* ApplicationSettings.m in Sources */ = {isa = PBXBuildFile; fileRef = 368570B92068DE5D003F4EBD /* ApplicationSettings.m */; };
		368570E02068DE5D003F4EBD /* HXAppDeviceHelper.m in Sources */ = {isa = PBXBuildFile; fileRef = 368570BB2068DE5D003F4EBD /* HXAppDeviceHelper.m */; };
		368570E12068DE5D003F4EBD /* HXAppConfig.m in Sources */ = {isa = PBXBuildFile; fileRef = 368570BC2068DE5D003F4EBD /* HXAppConfig.m */; };
		368570E22068DE5D003F4EBD /* HXQWebService.m in Sources */ = {isa = PBXBuildFile; fileRef = 368570C22068DE5D003F4EBD /* HXQWebService.m */; };
		368570E32068DE5D003F4EBD /* HXWebServiceModel.m in Sources */ = {isa = PBXBuildFile; fileRef = 368570C32068DE5D003F4EBD /* HXWebServiceModel.m */; };
		368570E42068DE5D003F4EBD /* HXWebService.m in Sources */ = {isa = PBXBuildFile; fileRef = 368570C42068DE5D003F4EBD /* HXWebService.m */; };
		368570E52068DE5D003F4EBD /* LLTabBarItem.m in Sources */ = {isa = PBXBuildFile; fileRef = 368570CA2068DE5D003F4EBD /* LLTabBarItem.m */; };
		368570E62068DE5D003F4EBD /* LLTabBar.m in Sources */ = {isa = PBXBuildFile; fileRef = 368570CB2068DE5D003F4EBD /* LLTabBar.m */; };
		FCBD771FE6CA6917FA1C1EC8 /* Pods_PrivateMelon.framework in Frameworks */ = {isa = PBXBuildFile; fileRef = EF0B9EB5BC3C89B76A4B657E /* Pods_PrivateMelon.framework */; };
/* End PBXBuildFile section */

/* Begin PBXContainerItemProxy section */
		3685700E206886FE003F4EBD /* PBXContainerItemProxy */ = {
			isa = PBXContainerItemProxy;
			containerPortal = 36856FED206886FE003F4EBD /* Project object */;
			proxyType = 1;
			remoteGlobalIDString = 36856FF4206886FE003F4EBD;
			remoteInfo = PrivateMelon;
		};
		36857019206886FE003F4EBD /* PBXContainerItemProxy */ = {
			isa = PBXContainerItemProxy;
			containerPortal = 36856FED206886FE003F4EBD /* Project object */;
			proxyType = 1;
			remoteGlobalIDString = 36856FF4206886FE003F4EBD;
			remoteInfo = PrivateMelon;
		};
/* End PBXContainerItemProxy section */

/* Begin PBXFileReference section */
		36856FF5206886FE003F4EBD /* PrivateMelon.app */ = {isa = PBXFileReference; explicitFileType = wrapper.application; includeInIndex = 0; path = PrivateMelon.app; sourceTree = BUILT_PRODUCTS_DIR; };
		3685700D206886FE003F4EBD /* PrivateMelonTests.xctest */ = {isa = PBXFileReference; explicitFileType = wrapper.cfbundle; includeInIndex = 0; path = PrivateMelonTests.xctest; sourceTree = BUILT_PRODUCTS_DIR; };
		36857011206886FE003F4EBD /* PrivateMelonTests.m */ = {isa = PBXFileReference; lastKnownFileType = sourcecode.c.objc; path = PrivateMelonTests.m; sourceTree = "<group>"; };
		36857013206886FE003F4EBD /* Info.plist */ = {isa = PBXFileReference; lastKnownFileType = text.plist.xml; path = Info.plist; sourceTree = "<group>"; };
		36857018206886FE003F4EBD /* PrivateMelonUITests.xctest */ = {isa = PBXFileReference; explicitFileType = wrapper.cfbundle; includeInIndex = 0; path = PrivateMelonUITests.xctest; sourceTree = BUILT_PRODUCTS_DIR; };
		3685701C206886FE003F4EBD /* PrivateMelonUITests.m */ = {isa = PBXFileReference; lastKnownFileType = sourcecode.c.objc; path = PrivateMelonUITests.m; sourceTree = "<group>"; };
		3685701E206886FE003F4EBD /* Info.plist */ = {isa = PBXFileReference; lastKnownFileType = text.plist.xml; path = Info.plist; sourceTree = "<group>"; };
		3685708C2068DE5C003F4EBD /* PrefixHeader.pch */ = {isa = PBXFileReference; fileEncoding = 4; lastKnownFileType = sourcecode.c.h; path = PrefixHeader.pch; sourceTree = "<group>"; };
		368570912068DE5C003F4EBD /* LLMainTabBarController.h */ = {isa = PBXFileReference; fileEncoding = 4; lastKnownFileType = sourcecode.c.h; path = LLMainTabBarController.h; sourceTree = "<group>"; };
		368570922068DE5C003F4EBD /* AppDelegate.h */ = {isa = PBXFileReference; fileEncoding = 4; lastKnownFileType = sourcecode.c.h; path = AppDelegate.h; sourceTree = "<group>"; };
		368570932068DE5C003F4EBD /* LLMainTabBarController.m */ = {isa = PBXFileReference; fileEncoding = 4; lastKnownFileType = sourcecode.c.objc; path = LLMainTabBarController.m; sourceTree = "<group>"; };
		368570942068DE5C003F4EBD /* main.m */ = {isa = PBXFileReference; fileEncoding = 4; lastKnownFileType = sourcecode.c.objc; path = main.m; sourceTree = "<group>"; };
		368570952068DE5C003F4EBD /* AppDelegate.m */ = {isa = PBXFileReference; fileEncoding = 4; lastKnownFileType = sourcecode.c.objc; path = AppDelegate.m; sourceTree = "<group>"; };
		368570972068DE5C003F4EBD /* LLtest3ViewController.m */ = {isa = PBXFileReference; fileEncoding = 4; lastKnownFileType = sourcecode.c.objc; path = LLtest3ViewController.m; sourceTree = "<group>"; };
		368570982068DE5C003F4EBD /* UCBannerRecommedModel.m */ = {isa = PBXFileReference; fileEncoding = 4; lastKnownFileType = sourcecode.c.objc; path = UCBannerRecommedModel.m; sourceTree = "<group>"; };
		368570992068DE5D003F4EBD /* LLTestNetWork.m */ = {isa = PBXFileReference; fileEncoding = 4; lastKnownFileType = sourcecode.c.objc; path = LLTestNetWork.m; sourceTree = "<group>"; };
		3685709A2068DE5D003F4EBD /* LLTest1ViewController.h */ = {isa = PBXFileReference; fileEncoding = 4; lastKnownFileType = sourcecode.c.h; path = LLTest1ViewController.h; sourceTree = "<group>"; };
		3685709B2068DE5D003F4EBD /* LLTest2ViewController.m */ = {isa = PBXFileReference; fileEncoding = 4; lastKnownFileType = sourcecode.c.objc; path = LLTest2ViewController.m; sourceTree = "<group>"; };
		3685709C2068DE5D003F4EBD /* ViewController.m */ = {isa = PBXFileReference; fileEncoding = 4; lastKnownFileType = sourcecode.c.objc; path = ViewController.m; sourceTree = "<group>"; };
		3685709D2068DE5D003F4EBD /* LLTest1ViewController.xib */ = {isa = PBXFileReference; fileEncoding = 4; lastKnownFileType = file.xib; path = LLTest1ViewController.xib; sourceTree = "<group>"; };
		3685709E2068DE5D003F4EBD /* UCBannerRecommedModel.h */ = {isa = PBXFileReference; fileEncoding = 4; lastKnownFileType = sourcecode.c.h; path = UCBannerRecommedModel.h; sourceTree = "<group>"; };
		3685709F2068DE5D003F4EBD /* LLtest3ViewController.h */ = {isa = PBXFileReference; fileEncoding = 4; lastKnownFileType = sourcecode.c.h; path = LLtest3ViewController.h; sourceTree = "<group>"; };
		368570A02068DE5D003F4EBD /* LLtest3ViewController.xib */ = {isa = PBXFileReference; fileEncoding = 4; lastKnownFileType = file.xib; path = LLtest3ViewController.xib; sourceTree = "<group>"; };
		368570A12068DE5D003F4EBD /* LLTest1ViewController.m */ = {isa = PBXFileReference; fileEncoding = 4; lastKnownFileType = sourcecode.c.objc; path = LLTest1ViewController.m; sourceTree = "<group>"; };
		368570A22068DE5D003F4EBD /* LLTestNetWork.h */ = {isa = PBXFileReference; fileEncoding = 4; lastKnownFileType = sourcecode.c.h; path = LLTestNetWork.h; sourceTree = "<group>"; };
		368570A32068DE5D003F4EBD /* LLTest2ViewController.xib */ = {isa = PBXFileReference; fileEncoding = 4; lastKnownFileType = file.xib; path = LLTest2ViewController.xib; sourceTree = "<group>"; };
		368570A42068DE5D003F4EBD /* ViewController.h */ = {isa = PBXFileReference; fileEncoding = 4; lastKnownFileType = sourcecode.c.h; path = ViewController.h; sourceTree = "<group>"; };
		368570A52068DE5D003F4EBD /* LLTest2ViewController.h */ = {isa = PBXFileReference; fileEncoding = 4; lastKnownFileType = sourcecode.c.h; path = LLTest2ViewController.h; sourceTree = "<group>"; };
		368570A82068DE5D003F4EBD /* HXBaseJSONModel.m */ = {isa = PBXFileReference; fileEncoding = 4; lastKnownFileType = sourcecode.c.objc; path = HXBaseJSONModel.m; sourceTree = "<group>"; };
		368570A92068DE5D003F4EBD /* BaseNavigationController.m */ = {isa = PBXFileReference; fileEncoding = 4; lastKnownFileType = sourcecode.c.objc; path = BaseNavigationController.m; sourceTree = "<group>"; };
		368570AA2068DE5D003F4EBD /* LLBaseViewController.m */ = {isa = PBXFileReference; fileEncoding = 4; lastKnownFileType = sourcecode.c.objc; path = LLBaseViewController.m; sourceTree = "<group>"; };
		368570AB2068DE5D003F4EBD /* HXBaseJSONModel.h */ = {isa = PBXFileReference; fileEncoding = 4; lastKnownFileType = sourcecode.c.h; path = HXBaseJSONModel.h; sourceTree = "<group>"; };
		368570AC2068DE5D003F4EBD /* LLBaseViewController.h */ = {isa = PBXFileReference; fileEncoding = 4; lastKnownFileType = sourcecode.c.h; path = LLBaseViewController.h; sourceTree = "<group>"; };
		368570AD2068DE5D003F4EBD /* BaseNavigationController.h */ = {isa = PBXFileReference; fileEncoding = 4; lastKnownFileType = sourcecode.c.h; path = BaseNavigationController.h; sourceTree = "<group>"; };
		368570AF2068DE5D003F4EBD /* Assets.xcassets */ = {isa = PBXFileReference; lastKnownFileType = folder.assetcatalog; path = Assets.xcassets; sourceTree = "<group>"; };
		368570B12068DE5D003F4EBD /* Base */ = {isa = PBXFileReference; lastKnownFileType = file.storyboard; name = Base; path = Base.lproj/LaunchScreen.storyboard; sourceTree = "<group>"; };
		368570B32068DE5D003F4EBD /* Base */ = {isa = PBXFileReference; lastKnownFileType = file.storyboard; name = Base; path = Base.lproj/Main.storyboard; sourceTree = "<group>"; };
		368570B42068DE5D003F4EBD /* Info.plist */ = {isa = PBXFileReference; fileEncoding = 4; lastKnownFileType = text.plist.xml; path = Info.plist; sourceTree = "<group>"; };
		368570B82068DE5D003F4EBD /* ApplicationSettings.h */ = {isa = PBXFileReference; fileEncoding = 4; lastKnownFileType = sourcecode.c.h; path = ApplicationSettings.h; sourceTree = "<group>"; };
		368570B92068DE5D003F4EBD /* ApplicationSettings.m */ = {isa = PBXFileReference; fileEncoding = 4; lastKnownFileType = sourcecode.c.objc; path = ApplicationSettings.m; sourceTree = "<group>"; };
		368570BB2068DE5D003F4EBD /* HXAppDeviceHelper.m */ = {isa = PBXFileReference; fileEncoding = 4; lastKnownFileType = sourcecode.c.objc; path = HXAppDeviceHelper.m; sourceTree = "<group>"; };
		368570BC2068DE5D003F4EBD /* HXAppConfig.m */ = {isa = PBXFileReference; fileEncoding = 4; lastKnownFileType = sourcecode.c.objc; path = HXAppConfig.m; sourceTree = "<group>"; };
		368570BD2068DE5D003F4EBD /* HXAppDeviceHelper.h */ = {isa = PBXFileReference; fileEncoding = 4; lastKnownFileType = sourcecode.c.h; path = HXAppDeviceHelper.h; sourceTree = "<group>"; };
		368570BE2068DE5D003F4EBD /* HXAppConfig.h */ = {isa = PBXFileReference; fileEncoding = 4; lastKnownFileType = sourcecode.c.h; path = HXAppConfig.h; sourceTree = "<group>"; };
		368570C02068DE5D003F4EBD /* HXWebServiceModel.h */ = {isa = PBXFileReference; fileEncoding = 4; lastKnownFileType = sourcecode.c.h; path = HXWebServiceModel.h; sourceTree = "<group>"; };
		368570C12068DE5D003F4EBD /* HXWebService.h */ = {isa = PBXFileReference; fileEncoding = 4; lastKnownFileType = sourcecode.c.h; path = HXWebService.h; sourceTree = "<group>"; };
		368570C22068DE5D003F4EBD /* HXQWebService.m */ = {isa = PBXFileReference; fileEncoding = 4; lastKnownFileType = sourcecode.c.objc; path = HXQWebService.m; sourceTree = "<group>"; };
		368570C32068DE5D003F4EBD /* HXWebServiceModel.m */ = {isa = PBXFileReference; fileEncoding = 4; lastKnownFileType = sourcecode.c.objc; path = HXWebServiceModel.m; sourceTree = "<group>"; };
		368570C42068DE5D003F4EBD /* HXWebService.m */ = {isa = PBXFileReference; fileEncoding = 4; lastKnownFileType = sourcecode.c.objc; path = HXWebService.m; sourceTree = "<group>"; };
		368570C52068DE5D003F4EBD /* HXQWebService.h */ = {isa = PBXFileReference; fileEncoding = 4; lastKnownFileType = sourcecode.c.h; path = HXQWebService.h; sourceTree = "<group>"; };
		368570C82068DE5D003F4EBD /* LLTabBar.h */ = {isa = PBXFileReference; fileEncoding = 4; lastKnownFileType = sourcecode.c.h; path = LLTabBar.h; sourceTree = "<group>"; };
		368570C92068DE5D003F4EBD /* LLTabBarItem.h */ = {isa = PBXFileReference; fileEncoding = 4; lastKnownFileType = sourcecode.c.h; path = LLTabBarItem.h; sourceTree = "<group>"; };
		368570CA2068DE5D003F4EBD /* LLTabBarItem.m */ = {isa = PBXFileReference; fileEncoding = 4; lastKnownFileType = sourcecode.c.objc; path = LLTabBarItem.m; sourceTree = "<group>"; };
		368570CB2068DE5D003F4EBD /* LLTabBar.m */ = {isa = PBXFileReference; fileEncoding = 4; lastKnownFileType = sourcecode.c.objc; path = LLTabBar.m; sourceTree = "<group>"; };
		A159C7FC158718B0F1A3A1C9 /* Pods-PrivateMelon.debug.xcconfig */ = {isa = PBXFileReference; includeInIndex = 1; lastKnownFileType = text.xcconfig; name = "Pods-PrivateMelon.debug.xcconfig"; path = "Pods/Target Support Files/Pods-PrivateMelon/Pods-PrivateMelon.debug.xcconfig"; sourceTree = "<group>"; };
		D39E0819ABAA7196D4327138 /* Pods-PrivateMelon.release.xcconfig */ = {isa = PBXFileReference; includeInIndex = 1; lastKnownFileType = text.xcconfig; name = "Pods-PrivateMelon.release.xcconfig"; path = "Pods/Target Support Files/Pods-PrivateMelon/Pods-PrivateMelon.release.xcconfig"; sourceTree = "<group>"; };
		EF0B9EB5BC3C89B76A4B657E /* Pods_PrivateMelon.framework */ = {isa = PBXFileReference; explicitFileType = wrapper.framework; includeInIndex = 0; path = Pods_PrivateMelon.framework; sourceTree = BUILT_PRODUCTS_DIR; };
/* End PBXFileReference section */

/* Begin PBXFrameworksBuildPhase section */
		36856FF2206886FE003F4EBD /* Frameworks */ = {
			isa = PBXFrameworksBuildPhase;
			buildActionMask = 2147483647;
			files = (
				FCBD771FE6CA6917FA1C1EC8 /* Pods_PrivateMelon.framework in Frameworks */,
			);
			runOnlyForDeploymentPostprocessing = 0;
		};
		3685700A206886FE003F4EBD /* Frameworks */ = {
			isa = PBXFrameworksBuildPhase;
			buildActionMask = 2147483647;
			files = (
			);
			runOnlyForDeploymentPostprocessing = 0;
		};
		36857015206886FE003F4EBD /* Frameworks */ = {
			isa = PBXFrameworksBuildPhase;
			buildActionMask = 2147483647;
			files = (
			);
			runOnlyForDeploymentPostprocessing = 0;
		};
/* End PBXFrameworksBuildPhase section */

/* Begin PBXGroup section */
		23F6959916F07066766CE08B /* Pods */ = {
			isa = PBXGroup;
			children = (
				A159C7FC158718B0F1A3A1C9 /* Pods-PrivateMelon.debug.xcconfig */,
				D39E0819ABAA7196D4327138 /* Pods-PrivateMelon.release.xcconfig */,
			);
			name = Pods;
			sourceTree = "<group>";
		};
		36856FEC206886FE003F4EBD = {
			isa = PBXGroup;
			children = (
				36856FF7206886FE003F4EBD /* PrivateMelon */,
				36857010206886FE003F4EBD /* PrivateMelonTests */,
				3685701B206886FE003F4EBD /* PrivateMelonUITests */,
				36856FF6206886FE003F4EBD /* Products */,
				23F6959916F07066766CE08B /* Pods */,
				3E5877ABAAD6FDCBC5A09441 /* Frameworks */,
			);
			sourceTree = "<group>";
		};
		36856FF6206886FE003F4EBD /* Products */ = {
			isa = PBXGroup;
			children = (
				36856FF5206886FE003F4EBD /* PrivateMelon.app */,
				3685700D206886FE003F4EBD /* PrivateMelonTests.xctest */,
				36857018206886FE003F4EBD /* PrivateMelonUITests.xctest */,
			);
			name = Products;
			sourceTree = "<group>";
		};
		36856FF7206886FE003F4EBD /* PrivateMelon */ = {
			isa = PBXGroup;
			children = (
				3685706E2068DE5C003F4EBD /* Business */,
				368570902068DE5C003F4EBD /* Main */,
				368570A62068DE5D003F4EBD /* Skeleton */,
				3685708A2068DE5C003F4EBD /* Support */,
				368570962068DE5C003F4EBD /* Test */,
			);
			path = PrivateMelon;
			sourceTree = "<group>";
		};
		36857010206886FE003F4EBD /* PrivateMelonTests */ = {
			isa = PBXGroup;
			children = (
				36857011206886FE003F4EBD /* PrivateMelonTests.m */,
				36857013206886FE003F4EBD /* Info.plist */,
			);
			path = PrivateMelonTests;
			sourceTree = "<group>";
		};
		3685701B206886FE003F4EBD /* PrivateMelonUITests */ = {
			isa = PBXGroup;
			children = (
				3685701C206886FE003F4EBD /* PrivateMelonUITests.m */,
				3685701E206886FE003F4EBD /* Info.plist */,
			);
			path = PrivateMelonUITests;
			sourceTree = "<group>";
		};
		3685706E2068DE5C003F4EBD /* Business */ = {
			isa = PBXGroup;
			children = (
				3685706F2068DE5C003F4EBD /* Classes */,
			);
			path = Business;
			sourceTree = "<group>";
		};
		3685706F2068DE5C003F4EBD /* Classes */ = {
			isa = PBXGroup;
			children = (
				368570702068DE5C003F4EBD /* Home */,
				368570752068DE5C003F4EBD /* Discover */,
				3685707A2068DE5C003F4EBD /* Other */,
				3685707B2068DE5C003F4EBD /* Message */,
				368570802068DE5C003F4EBD /* Publish */,
				368570852068DE5C003F4EBD /* Mine */,
			);
			path = Classes;
			sourceTree = "<group>";
		};
		368570702068DE5C003F4EBD /* Home */ = {
			isa = PBXGroup;
			children = (
				368570712068DE5C003F4EBD /* Other */,
				368570722068DE5C003F4EBD /* Controller */,
				368570732068DE5C003F4EBD /* Model */,
				368570742068DE5C003F4EBD /* Views */,
			);
			path = Home;
			sourceTree = "<group>";
		};
		368570712068DE5C003F4EBD /* Other */ = {
			isa = PBXGroup;
			children = (
			);
			path = Other;
			sourceTree = "<group>";
		};
		368570722068DE5C003F4EBD /* Controller */ = {
			isa = PBXGroup;
			children = (
			);
			path = Controller;
			sourceTree = "<group>";
		};
		368570732068DE5C003F4EBD /* Model */ = {
			isa = PBXGroup;
			children = (
			);
			path = Model;
			sourceTree = "<group>";
		};
		368570742068DE5C003F4EBD /* Views */ = {
			isa = PBXGroup;
			children = (
			);
			path = Views;
			sourceTree = "<group>";
		};
		368570752068DE5C003F4EBD /* Discover */ = {
			isa = PBXGroup;
			children = (
				368570762068DE5C003F4EBD /* Other */,
				368570772068DE5C003F4EBD /* Controller */,
				368570782068DE5C003F4EBD /* Model */,
				368570792068DE5C003F4EBD /* Views */,
			);
			path = Discover;
			sourceTree = "<group>";
		};
		368570762068DE5C003F4EBD /* Other */ = {
			isa = PBXGroup;
			children = (
			);
			path = Other;
			sourceTree = "<group>";
		};
		368570772068DE5C003F4EBD /* Controller */ = {
			isa = PBXGroup;
			children = (
			);
			path = Controller;
			sourceTree = "<group>";
		};
		368570782068DE5C003F4EBD /* Model */ = {
			isa = PBXGroup;
			children = (
			);
			path = Model;
			sourceTree = "<group>";
		};
		368570792068DE5C003F4EBD /* Views */ = {
			isa = PBXGroup;
			children = (
			);
			path = Views;
			sourceTree = "<group>";
		};
		3685707A2068DE5C003F4EBD /* Other */ = {
			isa = PBXGroup;
			children = (
			);
			path = Other;
			sourceTree = "<group>";
		};
		3685707B2068DE5C003F4EBD /* Message */ = {
			isa = PBXGroup;
			children = (
				3685707C2068DE5C003F4EBD /* Other */,
				3685707D2068DE5C003F4EBD /* Controller */,
				3685707E2068DE5C003F4EBD /* Model */,
				3685707F2068DE5C003F4EBD /* Views */,
			);
			path = Message;
			sourceTree = "<group>";
		};
		3685707C2068DE5C003F4EBD /* Other */ = {
			isa = PBXGroup;
			children = (
			);
			path = Other;
			sourceTree = "<group>";
		};
		3685707D2068DE5C003F4EBD /* Controller */ = {
			isa = PBXGroup;
			children = (
			);
			path = Controller;
			sourceTree = "<group>";
		};
		3685707E2068DE5C003F4EBD /* Model */ = {
			isa = PBXGroup;
			children = (
			);
			path = Model;
			sourceTree = "<group>";
		};
		3685707F2068DE5C003F4EBD /* Views */ = {
			isa = PBXGroup;
			children = (
			);
			path = Views;
			sourceTree = "<group>";
		};
		368570802068DE5C003F4EBD /* Publish */ = {
			isa = PBXGroup;
			children = (
				368570812068DE5C003F4EBD /* Other */,
				368570822068DE5C003F4EBD /* Controller */,
				368570832068DE5C003F4EBD /* Model */,
				368570842068DE5C003F4EBD /* Views */,
			);
			path = Publish;
			sourceTree = "<group>";
		};
		368570812068DE5C003F4EBD /* Other */ = {
			isa = PBXGroup;
			children = (
			);
			path = Other;
			sourceTree = "<group>";
		};
		368570822068DE5C003F4EBD /* Controller */ = {
			isa = PBXGroup;
			children = (
			);
			path = Controller;
			sourceTree = "<group>";
		};
		368570832068DE5C003F4EBD /* Model */ = {
			isa = PBXGroup;
			children = (
			);
			path = Model;
			sourceTree = "<group>";
		};
		368570842068DE5C003F4EBD /* Views */ = {
			isa = PBXGroup;
			children = (
			);
			path = Views;
			sourceTree = "<group>";
		};
		368570852068DE5C003F4EBD /* Mine */ = {
			isa = PBXGroup;
			children = (
				368570862068DE5C003F4EBD /* Other */,
				368570872068DE5C003F4EBD /* Controller */,
				368570882068DE5C003F4EBD /* Model */,
				368570892068DE5C003F4EBD /* Views */,
			);
			path = Mine;
			sourceTree = "<group>";
		};
		368570862068DE5C003F4EBD /* Other */ = {
			isa = PBXGroup;
			children = (
			);
			path = Other;
			sourceTree = "<group>";
		};
		368570872068DE5C003F4EBD /* Controller */ = {
			isa = PBXGroup;
			children = (
			);
			path = Controller;
			sourceTree = "<group>";
		};
		368570882068DE5C003F4EBD /* Model */ = {
			isa = PBXGroup;
			children = (
			);
			path = Model;
			sourceTree = "<group>";
		};
		368570892068DE5C003F4EBD /* Views */ = {
			isa = PBXGroup;
			children = (
			);
			path = Views;
			sourceTree = "<group>";
		};
		3685708A2068DE5C003F4EBD /* Support */ = {
			isa = PBXGroup;
			children = (
				3685708B2068DE5C003F4EBD /* PCH */,
				3685708D2068DE5C003F4EBD /* Category */,
				3685708E2068DE5C003F4EBD /* Macro */,
				3685708F2068DE5C003F4EBD /* Tool */,
			);
			path = Support;
			sourceTree = "<group>";
		};
		3685708B2068DE5C003F4EBD /* PCH */ = {
			isa = PBXGroup;
			children = (
				3685708C2068DE5C003F4EBD /* PrefixHeader.pch */,
			);
			path = PCH;
			sourceTree = "<group>";
		};
		3685708D2068DE5C003F4EBD /* Category */ = {
			isa = PBXGroup;
			children = (
			);
			path = Category;
			sourceTree = "<group>";
		};
		3685708E2068DE5C003F4EBD /* Macro */ = {
			isa = PBXGroup;
			children = (
			);
			path = Macro;
			sourceTree = "<group>";
		};
		3685708F2068DE5C003F4EBD /* Tool */ = {
			isa = PBXGroup;
			children = (
			);
			path = Tool;
			sourceTree = "<group>";
		};
		368570902068DE5C003F4EBD /* Main */ = {
			isa = PBXGroup;
			children = (
				368570912068DE5C003F4EBD /* LLMainTabBarController.h */,
				368570922068DE5C003F4EBD /* AppDelegate.h */,
				368570932068DE5C003F4EBD /* LLMainTabBarController.m */,
				368570942068DE5C003F4EBD /* main.m */,
				368570952068DE5C003F4EBD /* AppDelegate.m */,
			);
			path = Main;
			sourceTree = "<group>";
		};
		368570962068DE5C003F4EBD /* Test */ = {
			isa = PBXGroup;
			children = (
				368570972068DE5C003F4EBD /* LLtest3ViewController.m */,
				368570982068DE5C003F4EBD /* UCBannerRecommedModel.m */,
				368570992068DE5D003F4EBD /* LLTestNetWork.m */,
				3685709A2068DE5D003F4EBD /* LLTest1ViewController.h */,
				3685709B2068DE5D003F4EBD /* LLTest2ViewController.m */,
				3685709C2068DE5D003F4EBD /* ViewController.m */,
				3685709D2068DE5D003F4EBD /* LLTest1ViewController.xib */,
				3685709E2068DE5D003F4EBD /* UCBannerRecommedModel.h */,
				3685709F2068DE5D003F4EBD /* LLtest3ViewController.h */,
				368570A02068DE5D003F4EBD /* LLtest3ViewController.xib */,
				368570A12068DE5D003F4EBD /* LLTest1ViewController.m */,
				368570A22068DE5D003F4EBD /* LLTestNetWork.h */,
				368570A32068DE5D003F4EBD /* LLTest2ViewController.xib */,
				368570A42068DE5D003F4EBD /* ViewController.h */,
				368570A52068DE5D003F4EBD /* LLTest2ViewController.h */,
			);
			path = Test;
			sourceTree = "<group>";
		};
		368570A62068DE5D003F4EBD /* Skeleton */ = {
			isa = PBXGroup;
			children = (
				368570A72068DE5D003F4EBD /* Baes */,
				368570AE2068DE5D003F4EBD /* Resources */,
				368570B52068DE5D003F4EBD /* ThirdPart */,
				368570B62068DE5D003F4EBD /* WebService */,
				368570C62068DE5D003F4EBD /* Custom */,
			);
			path = Skeleton;
			sourceTree = "<group>";
		};
		368570A72068DE5D003F4EBD /* Baes */ = {
			isa = PBXGroup;
			children = (
				368570A82068DE5D003F4EBD /* HXBaseJSONModel.m */,
				368570A92068DE5D003F4EBD /* BaseNavigationController.m */,
				368570AA2068DE5D003F4EBD /* LLBaseViewController.m */,
				368570AB2068DE5D003F4EBD /* HXBaseJSONModel.h */,
				368570AC2068DE5D003F4EBD /* LLBaseViewController.h */,
				368570AD2068DE5D003F4EBD /* BaseNavigationController.h */,
			);
			path = Baes;
			sourceTree = "<group>";
		};
		368570AE2068DE5D003F4EBD /* Resources */ = {
			isa = PBXGroup;
			children = (
				368570AF2068DE5D003F4EBD /* Assets.xcassets */,
				368570B02068DE5D003F4EBD /* LaunchScreen.storyboard */,
				368570B22068DE5D003F4EBD /* Main.storyboard */,
				368570B42068DE5D003F4EBD /* Info.plist */,
			);
			path = Resources;
			sourceTree = "<group>";
		};
		368570B52068DE5D003F4EBD /* ThirdPart */ = {
			isa = PBXGroup;
			children = (
			);
			path = ThirdPart;
			sourceTree = "<group>";
		};
		368570B62068DE5D003F4EBD /* WebService */ = {
			isa = PBXGroup;
			children = (
				368570B72068DE5D003F4EBD /* ApplicationSettings */,
				368570BA2068DE5D003F4EBD /* AppConfig */,
				368570BF2068DE5D003F4EBD /* HXWebService */,
			);
			path = WebService;
			sourceTree = "<group>";
		};
		368570B72068DE5D003F4EBD /* ApplicationSettings */ = {
			isa = PBXGroup;
			children = (
				368570B82068DE5D003F4EBD /* ApplicationSettings.h */,
				368570B92068DE5D003F4EBD /* ApplicationSettings.m */,
			);
			path = ApplicationSettings;
			sourceTree = "<group>";
		};
		368570BA2068DE5D003F4EBD /* AppConfig */ = {
			isa = PBXGroup;
			children = (
				368570BB2068DE5D003F4EBD /* HXAppDeviceHelper.m */,
				368570BC2068DE5D003F4EBD /* HXAppConfig.m */,
				368570BD2068DE5D003F4EBD /* HXAppDeviceHelper.h */,
				368570BE2068DE5D003F4EBD /* HXAppConfig.h */,
			);
			path = AppConfig;
			sourceTree = "<group>";
		};
		368570BF2068DE5D003F4EBD /* HXWebService */ = {
			isa = PBXGroup;
			children = (
				368570C02068DE5D003F4EBD /* HXWebServiceModel.h */,
				368570C12068DE5D003F4EBD /* HXWebService.h */,
				368570C22068DE5D003F4EBD /* HXQWebService.m */,
				368570C32068DE5D003F4EBD /* HXWebServiceModel.m */,
				368570C42068DE5D003F4EBD /* HXWebService.m */,
				368570C52068DE5D003F4EBD /* HXQWebService.h */,
			);
			path = HXWebService;
			sourceTree = "<group>";
		};
		368570C62068DE5D003F4EBD /* Custom */ = {
			isa = PBXGroup;
			children = (
				368570C72068DE5D003F4EBD /* LLTabBar */,
			);
			path = Custom;
			sourceTree = "<group>";
		};
		368570C72068DE5D003F4EBD /* LLTabBar */ = {
			isa = PBXGroup;
			children = (
				368570C82068DE5D003F4EBD /* LLTabBar.h */,
				368570C92068DE5D003F4EBD /* LLTabBarItem.h */,
				368570CA2068DE5D003F4EBD /* LLTabBarItem.m */,
				368570CB2068DE5D003F4EBD /* LLTabBar.m */,
			);
			path = LLTabBar;
			sourceTree = "<group>";
		};
		3E5877ABAAD6FDCBC5A09441 /* Frameworks */ = {
			isa = PBXGroup;
			children = (
				EF0B9EB5BC3C89B76A4B657E /* Pods_PrivateMelon.framework */,
			);
			name = Frameworks;
			sourceTree = "<group>";
		};
/* End PBXGroup section */

/* Begin PBXNativeTarget section */
		36856FF4206886FE003F4EBD /* PrivateMelon */ = {
			isa = PBXNativeTarget;
			buildConfigurationList = 36857021206886FE003F4EBD /* Build configuration list for PBXNativeTarget "PrivateMelon" */;
			buildPhases = (
				BC8B51560DD55D74498ED66F /* [CP] Check Pods Manifest.lock */,
				36856FF1206886FE003F4EBD /* Sources */,
				36856FF2206886FE003F4EBD /* Frameworks */,
				36856FF3206886FE003F4EBD /* Resources */,
				629F3DCE9372D15F1981008D /* [CP] Embed Pods Frameworks */,
				99E7EF339A32727C70042412 /* [CP] Copy Pods Resources */,
			);
			buildRules = (
			);
			dependencies = (
			);
			name = PrivateMelon;
			productName = PrivateMelon;
			productReference = 36856FF5206886FE003F4EBD /* PrivateMelon.app */;
			productType = "com.apple.product-type.application";
		};
		3685700C206886FE003F4EBD /* PrivateMelonTests */ = {
			isa = PBXNativeTarget;
			buildConfigurationList = 36857024206886FE003F4EBD /* Build configuration list for PBXNativeTarget "PrivateMelonTests" */;
			buildPhases = (
				36857009206886FE003F4EBD /* Sources */,
				3685700A206886FE003F4EBD /* Frameworks */,
				3685700B206886FE003F4EBD /* Resources */,
			);
			buildRules = (
			);
			dependencies = (
				3685700F206886FE003F4EBD /* PBXTargetDependency */,
			);
			name = PrivateMelonTests;
			productName = PrivateMelonTests;
			productReference = 3685700D206886FE003F4EBD /* PrivateMelonTests.xctest */;
			productType = "com.apple.product-type.bundle.unit-test";
		};
		36857017206886FE003F4EBD /* PrivateMelonUITests */ = {
			isa = PBXNativeTarget;
			buildConfigurationList = 36857027206886FE003F4EBD /* Build configuration list for PBXNativeTarget "PrivateMelonUITests" */;
			buildPhases = (
				36857014206886FE003F4EBD /* Sources */,
				36857015206886FE003F4EBD /* Frameworks */,
				36857016206886FE003F4EBD /* Resources */,
			);
			buildRules = (
			);
			dependencies = (
				3685701A206886FE003F4EBD /* PBXTargetDependency */,
			);
			name = PrivateMelonUITests;
			productName = PrivateMelonUITests;
			productReference = 36857018206886FE003F4EBD /* PrivateMelonUITests.xctest */;
			productType = "com.apple.product-type.bundle.ui-testing";
		};
/* End PBXNativeTarget section */

/* Begin PBXProject section */
		36856FED206886FE003F4EBD /* Project object */ = {
			isa = PBXProject;
			attributes = {
				CLASSPREFIX = LL;
				LastUpgradeCheck = 0920;
				ORGANIZATIONNAME = "李顺风";
				TargetAttributes = {
					36856FF4206886FE003F4EBD = {
						CreatedOnToolsVersion = 9.2;
						ProvisioningStyle = Automatic;
					};
					3685700C206886FE003F4EBD = {
						CreatedOnToolsVersion = 9.2;
						ProvisioningStyle = Automatic;
						TestTargetID = 36856FF4206886FE003F4EBD;
					};
					36857017206886FE003F4EBD = {
						CreatedOnToolsVersion = 9.2;
						ProvisioningStyle = Automatic;
						TestTargetID = 36856FF4206886FE003F4EBD;
					};
				};
			};
			buildConfigurationList = 36856FF0206886FE003F4EBD /* Build configuration list for PBXProject "PrivateMelon" */;
			compatibilityVersion = "Xcode 8.0";
			developmentRegion = en;
			hasScannedForEncodings = 0;
			knownRegions = (
				en,
				Base,
			);
			mainGroup = 36856FEC206886FE003F4EBD;
			productRefGroup = 36856FF6206886FE003F4EBD /* Products */;
			projectDirPath = "";
			projectRoot = "";
			targets = (
				36856FF4206886FE003F4EBD /* PrivateMelon */,
				3685700C206886FE003F4EBD /* PrivateMelonTests */,
				36857017206886FE003F4EBD /* PrivateMelonUITests */,
			);
		};
/* End PBXProject section */

/* Begin PBXResourcesBuildPhase section */
		36856FF3206886FE003F4EBD /* Resources */ = {
			isa = PBXResourcesBuildPhase;
			buildActionMask = 2147483647;
			files = (
				368570D72068DE5D003F4EBD /* LLTest2ViewController.xib in Resources */,
				368570D52068DE5D003F4EBD /* LLtest3ViewController.xib in Resources */,
				368570DE2068DE5D003F4EBD /* Info.plist in Resources */,
				368570D42068DE5D003F4EBD /* LLTest1ViewController.xib in Resources */,
				368570DD2068DE5D003F4EBD /* Main.storyboard in Resources */,
				368570DC2068DE5D003F4EBD /* LaunchScreen.storyboard in Resources */,
				368570DB2068DE5D003F4EBD /* Assets.xcassets in Resources */,
			);
			runOnlyForDeploymentPostprocessing = 0;
		};
		3685700B206886FE003F4EBD /* Resources */ = {
			isa = PBXResourcesBuildPhase;
			buildActionMask = 2147483647;
			files = (
			);
			runOnlyForDeploymentPostprocessing = 0;
		};
		36857016206886FE003F4EBD /* Resources */ = {
			isa = PBXResourcesBuildPhase;
			buildActionMask = 2147483647;
			files = (
			);
			runOnlyForDeploymentPostprocessing = 0;
		};
/* End PBXResourcesBuildPhase section */

/* Begin PBXShellScriptBuildPhase section */
		629F3DCE9372D15F1981008D /* [CP] Embed Pods Frameworks */ = {
			isa = PBXShellScriptBuildPhase;
			buildActionMask = 2147483647;
			files = (
			);
			inputPaths = (
				"${SRCROOT}/Pods/Target Support Files/Pods-PrivateMelon/Pods-PrivateMelon-frameworks.sh",
				"${BUILT_PRODUCTS_DIR}/AFNetworking/AFNetworking.framework",
				"${BUILT_PRODUCTS_DIR}/IQKeyboardManager/IQKeyboardManager.framework",
				"${BUILT_PRODUCTS_DIR}/JSONModel/JSONModel.framework",
				"${BUILT_PRODUCTS_DIR}/MBProgressHUD/MBProgressHUD.framework",
				"${BUILT_PRODUCTS_DIR}/MJRefresh/MJRefresh.framework",
				"${BUILT_PRODUCTS_DIR}/OpenShare/OpenShare.framework",
				"${BUILT_PRODUCTS_DIR}/SAMKeychain/SAMKeychain.framework",
				"${BUILT_PRODUCTS_DIR}/SDWebImage/SDWebImage.framework",
			);
			name = "[CP] Embed Pods Frameworks";
			outputPaths = (
				"${TARGET_BUILD_DIR}/${FRAMEWORKS_FOLDER_PATH}/AFNetworking.framework",
				"${TARGET_BUILD_DIR}/${FRAMEWORKS_FOLDER_PATH}/IQKeyboardManager.framework",
				"${TARGET_BUILD_DIR}/${FRAMEWORKS_FOLDER_PATH}/JSONModel.framework",
				"${TARGET_BUILD_DIR}/${FRAMEWORKS_FOLDER_PATH}/MBProgressHUD.framework",
				"${TARGET_BUILD_DIR}/${FRAMEWORKS_FOLDER_PATH}/MJRefresh.framework",
				"${TARGET_BUILD_DIR}/${FRAMEWORKS_FOLDER_PATH}/OpenShare.framework",
				"${TARGET_BUILD_DIR}/${FRAMEWORKS_FOLDER_PATH}/SAMKeychain.framework",
				"${TARGET_BUILD_DIR}/${FRAMEWORKS_FOLDER_PATH}/SDWebImage.framework",
			);
			runOnlyForDeploymentPostprocessing = 0;
			shellPath = /bin/sh;
			shellScript = "\"${SRCROOT}/Pods/Target Support Files/Pods-PrivateMelon/Pods-PrivateMelon-frameworks.sh\"\n";
			showEnvVarsInLog = 0;
		};
		99E7EF339A32727C70042412 /* [CP] Copy Pods Resources */ = {
			isa = PBXShellScriptBuildPhase;
			buildActionMask = 2147483647;
			files = (
			);
			inputPaths = (
			);
			name = "[CP] Copy Pods Resources";
			outputPaths = (
			);
			runOnlyForDeploymentPostprocessing = 0;
			shellPath = /bin/sh;
			shellScript = "\"${SRCROOT}/Pods/Target Support Files/Pods-PrivateMelon/Pods-PrivateMelon-resources.sh\"\n";
			showEnvVarsInLog = 0;
		};
		BC8B51560DD55D74498ED66F /* [CP] Check Pods Manifest.lock */ = {
			isa = PBXShellScriptBuildPhase;
			buildActionMask = 2147483647;
			files = (
			);
			inputPaths = (
				"${PODS_PODFILE_DIR_PATH}/Podfile.lock",
				"${PODS_ROOT}/Manifest.lock",
			);
			name = "[CP] Check Pods Manifest.lock";
			outputPaths = (
				"$(DERIVED_FILE_DIR)/Pods-PrivateMelon-checkManifestLockResult.txt",
			);
			runOnlyForDeploymentPostprocessing = 0;
			shellPath = /bin/sh;
			shellScript = "diff \"${PODS_PODFILE_DIR_PATH}/Podfile.lock\" \"${PODS_ROOT}/Manifest.lock\" > /dev/null\nif [ $? != 0 ] ; then\n    # print error to STDERR\n    echo \"error: The sandbox is not in sync with the Podfile.lock. Run 'pod install' or update your CocoaPods installation.\" >&2\n    exit 1\nfi\n# This output is used by Xcode 'outputs' to avoid re-running this script phase.\necho \"SUCCESS\" > \"${SCRIPT_OUTPUT_FILE_0}\"\n";
			showEnvVarsInLog = 0;
		};
/* End PBXShellScriptBuildPhase section */

/* Begin PBXSourcesBuildPhase section */
		36856FF1206886FE003F4EBD /* Sources */ = {
			isa = PBXSourcesBuildPhase;
			buildActionMask = 2147483647;
			files = (
				368570D12068DE5D003F4EBD /* LLTestNetWork.m in Sources */,
				368570D92068DE5D003F4EBD /* BaseNavigationController.m in Sources */,
				368570D22068DE5D003F4EBD /* LLTest2ViewController.m in Sources */,
				368570DA2068DE5D003F4EBD /* LLBaseViewController.m in Sources */,
				368570D32068DE5D003F4EBD /* ViewController.m in Sources */,
				368570E62068DE5D003F4EBD /* LLTabBar.m in Sources */,
				368570E02068DE5D003F4EBD /* HXAppDeviceHelper.m in Sources */,
				368570D62068DE5D003F4EBD /* LLTest1ViewController.m in Sources */,
				368570CF2068DE5D003F4EBD /* LLtest3ViewController.m in Sources */,
				368570E42068DE5D003F4EBD /* HXWebService.m in Sources */,
				368570CD2068DE5D003F4EBD /* main.m in Sources */,
				368570E12068DE5D003F4EBD /* HXAppConfig.m in Sources */,
				368570E32068DE5D003F4EBD /* HXWebServiceModel.m in Sources */,
				368570E22068DE5D003F4EBD /* HXQWebService.m in Sources */,
				368570E52068DE5D003F4EBD /* LLTabBarItem.m in Sources */,
				368570DF2068DE5D003F4EBD /* ApplicationSettings.m in Sources */,
				368570D82068DE5D003F4EBD /* HXBaseJSONModel.m in Sources */,
				368570CC2068DE5D003F4EBD /* LLMainTabBarController.m in Sources */,
				368570CE2068DE5D003F4EBD /* AppDelegate.m in Sources */,
				368570D02068DE5D003F4EBD /* UCBannerRecommedModel.m in Sources */,
			);
			runOnlyForDeploymentPostprocessing = 0;
		};
		36857009206886FE003F4EBD /* Sources */ = {
			isa = PBXSourcesBuildPhase;
			buildActionMask = 2147483647;
			files = (
				36857012206886FE003F4EBD /* PrivateMelonTests.m in Sources */,
			);
			runOnlyForDeploymentPostprocessing = 0;
		};
		36857014206886FE003F4EBD /* Sources */ = {
			isa = PBXSourcesBuildPhase;
			buildActionMask = 2147483647;
			files = (
				3685701D206886FE003F4EBD /* PrivateMelonUITests.m in Sources */,
			);
			runOnlyForDeploymentPostprocessing = 0;
		};
/* End PBXSourcesBuildPhase section */

/* Begin PBXTargetDependency section */
		3685700F206886FE003F4EBD /* PBXTargetDependency */ = {
			isa = PBXTargetDependency;
			target = 36856FF4206886FE003F4EBD /* PrivateMelon */;
			targetProxy = 3685700E206886FE003F4EBD /* PBXContainerItemProxy */;
		};
		3685701A206886FE003F4EBD /* PBXTargetDependency */ = {
			isa = PBXTargetDependency;
			target = 36856FF4206886FE003F4EBD /* PrivateMelon */;
			targetProxy = 36857019206886FE003F4EBD /* PBXContainerItemProxy */;
		};
/* End PBXTargetDependency section */

/* Begin PBXVariantGroup section */
		368570B02068DE5D003F4EBD /* LaunchScreen.storyboard */ = {
			isa = PBXVariantGroup;
			children = (
				368570B12068DE5D003F4EBD /* Base */,
			);
			name = LaunchScreen.storyboard;
			sourceTree = "<group>";
		};
		368570B22068DE5D003F4EBD /* Main.storyboard */ = {
			isa = PBXVariantGroup;
			children = (
				368570B32068DE5D003F4EBD /* Base */,
			);
			name = Main.storyboard;
			sourceTree = "<group>";
		};
/* End PBXVariantGroup section */

/* Begin XCBuildConfiguration section */
		3685701F206886FE003F4EBD /* Debug */ = {
			isa = XCBuildConfiguration;
			buildSettings = {
				ALWAYS_SEARCH_USER_PATHS = NO;
				CLANG_ANALYZER_NONNULL = YES;
				CLANG_ANALYZER_NUMBER_OBJECT_CONVERSION = YES_AGGRESSIVE;
				CLANG_CXX_LANGUAGE_STANDARD = "gnu++14";
				CLANG_CXX_LIBRARY = "libc++";
				CLANG_ENABLE_MODULES = YES;
				CLANG_ENABLE_OBJC_ARC = YES;
				CLANG_WARN_BLOCK_CAPTURE_AUTORELEASING = YES;
				CLANG_WARN_BOOL_CONVERSION = YES;
				CLANG_WARN_COMMA = YES;
				CLANG_WARN_CONSTANT_CONVERSION = YES;
				CLANG_WARN_DIRECT_OBJC_ISA_USAGE = YES_ERROR;
				CLANG_WARN_DOCUMENTATION_COMMENTS = YES;
				CLANG_WARN_EMPTY_BODY = YES;
				CLANG_WARN_ENUM_CONVERSION = YES;
				CLANG_WARN_INFINITE_RECURSION = YES;
				CLANG_WARN_INT_CONVERSION = YES;
				CLANG_WARN_NON_LITERAL_NULL_CONVERSION = YES;
				CLANG_WARN_OBJC_LITERAL_CONVERSION = YES;
				CLANG_WARN_OBJC_ROOT_CLASS = YES_ERROR;
				CLANG_WARN_RANGE_LOOP_ANALYSIS = YES;
				CLANG_WARN_STRICT_PROTOTYPES = YES;
				CLANG_WARN_SUSPICIOUS_MOVE = YES;
				CLANG_WARN_UNGUARDED_AVAILABILITY = YES_AGGRESSIVE;
				CLANG_WARN_UNREACHABLE_CODE = YES;
				CLANG_WARN__DUPLICATE_METHOD_MATCH = YES;
				CODE_SIGN_IDENTITY = "iPhone Developer";
				COPY_PHASE_STRIP = NO;
				DEBUG_INFORMATION_FORMAT = dwarf;
				ENABLE_STRICT_OBJC_MSGSEND = YES;
				ENABLE_TESTABILITY = YES;
				GCC_C_LANGUAGE_STANDARD = gnu11;
				GCC_DYNAMIC_NO_PIC = NO;
				GCC_NO_COMMON_BLOCKS = YES;
				GCC_OPTIMIZATION_LEVEL = 0;
				GCC_PRECOMPILE_PREFIX_HEADER = NO;
				GCC_PREFIX_HEADER = PrivateMelon/Support/PCH/PrefixHeader.pch;
				GCC_PREPROCESSOR_DEFINITIONS = (
					"DEBUG=1",
					"$(inherited)",
				);
				GCC_WARN_64_TO_32_BIT_CONVERSION = YES;
				GCC_WARN_ABOUT_RETURN_TYPE = YES_ERROR;
				GCC_WARN_UNDECLARED_SELECTOR = YES;
				GCC_WARN_UNINITIALIZED_AUTOS = YES_AGGRESSIVE;
				GCC_WARN_UNUSED_FUNCTION = YES;
				GCC_WARN_UNUSED_VARIABLE = YES;
				IPHONEOS_DEPLOYMENT_TARGET = 11.2;
				MTL_ENABLE_DEBUG_INFO = YES;
				ONLY_ACTIVE_ARCH = YES;
				SDKROOT = iphoneos;
			};
			name = Debug;
		};
		36857020206886FE003F4EBD /* Release */ = {
			isa = XCBuildConfiguration;
			buildSettings = {
				ALWAYS_SEARCH_USER_PATHS = NO;
				CLANG_ANALYZER_NONNULL = YES;
				CLANG_ANALYZER_NUMBER_OBJECT_CONVERSION = YES_AGGRESSIVE;
				CLANG_CXX_LANGUAGE_STANDARD = "gnu++14";
				CLANG_CXX_LIBRARY = "libc++";
				CLANG_ENABLE_MODULES = YES;
				CLANG_ENABLE_OBJC_ARC = YES;
				CLANG_WARN_BLOCK_CAPTURE_AUTORELEASING = YES;
				CLANG_WARN_BOOL_CONVERSION = YES;
				CLANG_WARN_COMMA = YES;
				CLANG_WARN_CONSTANT_CONVERSION = YES;
				CLANG_WARN_DIRECT_OBJC_ISA_USAGE = YES_ERROR;
				CLANG_WARN_DOCUMENTATION_COMMENTS = YES;
				CLANG_WARN_EMPTY_BODY = YES;
				CLANG_WARN_ENUM_CONVERSION = YES;
				CLANG_WARN_INFINITE_RECURSION = YES;
				CLANG_WARN_INT_CONVERSION = YES;
				CLANG_WARN_NON_LITERAL_NULL_CONVERSION = YES;
				CLANG_WARN_OBJC_LITERAL_CONVERSION = YES;
				CLANG_WARN_OBJC_ROOT_CLASS = YES_ERROR;
				CLANG_WARN_RANGE_LOOP_ANALYSIS = YES;
				CLANG_WARN_STRICT_PROTOTYPES = YES;
				CLANG_WARN_SUSPICIOUS_MOVE = YES;
				CLANG_WARN_UNGUARDED_AVAILABILITY = YES_AGGRESSIVE;
				CLANG_WARN_UNREACHABLE_CODE = YES;
				CLANG_WARN__DUPLICATE_METHOD_MATCH = YES;
				CODE_SIGN_IDENTITY = "iPhone Developer";
				COPY_PHASE_STRIP = NO;
				DEBUG_INFORMATION_FORMAT = "dwarf-with-dsym";
				ENABLE_NS_ASSERTIONS = NO;
				ENABLE_STRICT_OBJC_MSGSEND = YES;
				GCC_C_LANGUAGE_STANDARD = gnu11;
				GCC_NO_COMMON_BLOCKS = YES;
				GCC_PRECOMPILE_PREFIX_HEADER = NO;
				GCC_PREFIX_HEADER = PrivateMelon/Support/PCH/PrefixHeader.pch;
				GCC_WARN_64_TO_32_BIT_CONVERSION = YES;
				GCC_WARN_ABOUT_RETURN_TYPE = YES_ERROR;
				GCC_WARN_UNDECLARED_SELECTOR = YES;
				GCC_WARN_UNINITIALIZED_AUTOS = YES_AGGRESSIVE;
				GCC_WARN_UNUSED_FUNCTION = YES;
				GCC_WARN_UNUSED_VARIABLE = YES;
				IPHONEOS_DEPLOYMENT_TARGET = 11.2;
				MTL_ENABLE_DEBUG_INFO = NO;
				SDKROOT = iphoneos;
				VALIDATE_PRODUCT = YES;
			};
			name = Release;
		};
		36857022206886FE003F4EBD /* Debug */ = {
			isa = XCBuildConfiguration;
			baseConfigurationReference = A159C7FC158718B0F1A3A1C9 /* Pods-PrivateMelon.debug.xcconfig */;
			buildSettings = {
				ASSETCATALOG_COMPILER_APPICON_NAME = AppIcon;
				CODE_SIGN_STYLE = Automatic;
				DEVELOPMENT_TEAM = TXF2U536B7;
				GCC_PRECOMPILE_PREFIX_HEADER = NO;
				GCC_PREFIX_HEADER = PrivateMelon/Support/PCH/PrefixHeader.pch;
				INFOPLIST_FILE = "$(SRCROOT)/PrivateMelon/Skeleton/Resources/Info.plist";
				LD_RUNPATH_SEARCH_PATHS = "$(inherited) @executable_path/Frameworks";
				PRODUCT_BUNDLE_IDENTIFIER = com.sigua.PrivateMelon;
				PRODUCT_NAME = "$(TARGET_NAME)";
				TARGETED_DEVICE_FAMILY = "1,2";
			};
			name = Debug;
		};
		36857023206886FE003F4EBD /* Release */ = {
			isa = XCBuildConfiguration;
			baseConfigurationReference = D39E0819ABAA7196D4327138 /* Pods-PrivateMelon.release.xcconfig */;
			buildSettings = {
				ASSETCATALOG_COMPILER_APPICON_NAME = AppIcon;
				CODE_SIGN_STYLE = Automatic;
				DEVELOPMENT_TEAM = TXF2U536B7;
				GCC_PRECOMPILE_PREFIX_HEADER = NO;
				GCC_PREFIX_HEADER = PrivateMelon/Support/PCH/PrefixHeader.pch;
				INFOPLIST_FILE = "$(SRCROOT)/PrivateMelon/Skeleton/Resources/Info.plist";
				LD_RUNPATH_SEARCH_PATHS = "$(inherited) @executable_path/Frameworks";
				PRODUCT_BUNDLE_IDENTIFIER = com.sigua.PrivateMelon;
				PRODUCT_NAME = "$(TARGET_NAME)";
				TARGETED_DEVICE_FAMILY = "1,2";
			};
			name = Release;
		};
		36857025206886FE003F4EBD /* Debug */ = {
			isa = XCBuildConfiguration;
			buildSettings = {
				BUNDLE_LOADER = "$(TEST_HOST)";
				CODE_SIGN_STYLE = Automatic;
				INFOPLIST_FILE = PrivateMelonTests/Info.plist;
				LD_RUNPATH_SEARCH_PATHS = "$(inherited) @executable_path/Frameworks @loader_path/Frameworks";
				PRODUCT_BUNDLE_IDENTIFIER = com.sigua.PrivateMelonTests;
				PRODUCT_NAME = "$(TARGET_NAME)";
				TARGETED_DEVICE_FAMILY = "1,2";
				TEST_HOST = "$(BUILT_PRODUCTS_DIR)/PrivateMelon.app/PrivateMelon";
			};
			name = Debug;
		};
		36857026206886FE003F4EBD /* Release */ = {
			isa = XCBuildConfiguration;
			buildSettings = {
				BUNDLE_LOADER = "$(TEST_HOST)";
				CODE_SIGN_STYLE = Automatic;
				INFOPLIST_FILE = PrivateMelonTests/Info.plist;
				LD_RUNPATH_SEARCH_PATHS = "$(inherited) @executable_path/Frameworks @loader_path/Frameworks";
				PRODUCT_BUNDLE_IDENTIFIER = com.sigua.PrivateMelonTests;
				PRODUCT_NAME = "$(TARGET_NAME)";
				TARGETED_DEVICE_FAMILY = "1,2";
				TEST_HOST = "$(BUILT_PRODUCTS_DIR)/PrivateMelon.app/PrivateMelon";
			};
			name = Release;
		};
		36857028206886FE003F4EBD /* Debug */ = {
			isa = XCBuildConfiguration;
			buildSettings = {
				CODE_SIGN_STYLE = Automatic;
				INFOPLIST_FILE = PrivateMelonUITests/Info.plist;
				LD_RUNPATH_SEARCH_PATHS = "$(inherited) @executable_path/Frameworks @loader_path/Frameworks";
				PRODUCT_BUNDLE_IDENTIFIER = com.sigua.PrivateMelonUITests;
				PRODUCT_NAME = "$(TARGET_NAME)";
				TARGETED_DEVICE_FAMILY = "1,2";
				TEST_TARGET_NAME = PrivateMelon;
			};
			name = Debug;
		};
		36857029206886FE003F4EBD /* Release */ = {
			isa = XCBuildConfiguration;
			buildSettings = {
				CODE_SIGN_STYLE = Automatic;
				INFOPLIST_FILE = PrivateMelonUITests/Info.plist;
				LD_RUNPATH_SEARCH_PATHS = "$(inherited) @executable_path/Frameworks @loader_path/Frameworks";
				PRODUCT_BUNDLE_IDENTIFIER = com.sigua.PrivateMelonUITests;
				PRODUCT_NAME = "$(TARGET_NAME)";
				TARGETED_DEVICE_FAMILY = "1,2";
				TEST_TARGET_NAME = PrivateMelon;
			};
			name = Release;
		};
/* End XCBuildConfiguration section */

/* Begin XCConfigurationList section */
		36856FF0206886FE003F4EBD /* Build configuration list for PBXProject "PrivateMelon" */ = {
			isa = XCConfigurationList;
			buildConfigurations = (
				3685701F206886FE003F4EBD /* Debug */,
				36857020206886FE003F4EBD /* Release */,
			);
			defaultConfigurationIsVisible = 0;
			defaultConfigurationName = Release;
		};
		36857021206886FE003F4EBD /* Build configuration list for PBXNativeTarget "PrivateMelon" */ = {
			isa = XCConfigurationList;
			buildConfigurations = (
				36857022206886FE003F4EBD /* Debug */,
				36857023206886FE003F4EBD /* Release */,
			);
			defaultConfigurationIsVisible = 0;
			defaultConfigurationName = Release;
		};
		36857024206886FE003F4EBD /* Build configuration list for PBXNativeTarget "PrivateMelonTests" */ = {
			isa = XCConfigurationList;
			buildConfigurations = (
				36857025206886FE003F4EBD /* Debug */,
				36857026206886FE003F4EBD /* Release */,
			);
			defaultConfigurationIsVisible = 0;
			defaultConfigurationName = Release;
		};
		36857027206886FE003F4EBD /* Build configuration list for PBXNativeTarget "PrivateMelonUITests" */ = {
			isa = XCConfigurationList;
			buildConfigurations = (
				36857028206886FE003F4EBD /* Debug */,
				36857029206886FE003F4EBD /* Release */,
			);
			defaultConfigurationIsVisible = 0;
			defaultConfigurationName = Release;
		};
/* End XCConfigurationList section */
	};
	rootObject = 36856FED206886FE003F4EBD /* Project object */;
}
